<?xml version="1.0" encoding="UTF-8" standalone="yes" ?>
<CodeBlocks_project_file>
	<FileVersion major="1" minor="6" />
	<Project>
		<Option title="GestionnaireEcole" />
		<Option pch_mode="2" />
		<Option compiler="gcc" />
		<Build>
			<Target title="Debug">
				<Option output="bin/Debug/GestionnaireEcole" prefix_auto="1" extension_auto="1" />
				<Option object_output="obj/Debug/" />
				<Option type="1" />
				<Option compiler="gcc" />
				<Compiler>
					<Add option="-g" />
				</Compiler>
			</Target>
			<Target title="Release">
				<Option output="bin/Release/GestionnaireEcole" prefix_auto="1" extension_auto="1" />
				<Option object_output="obj/Release/" />
				<Option type="1" />
				<Option compiler="gcc" />
				<Compiler>
					<Add option="-O2" />
				</Compiler>
				<Linker>
					<Add option="-s" />
				</Linker>
			</Target>
		</Build>
		<Compiler>
			<Add option="-Wall" />
		</Compiler>
		<Unit filename="Outils/fonctions.c">
			<Option compilerVar="CC" />
		</Unit>
		<Unit filename="Outils/fonctions.h">
			<Option target="&lt;{~None~}&gt;" />
		</Unit>
		<Unit filename="Outils/linkedlist.c">
			<Option compilerVar="CC" />
		</Unit>
		<Unit filename="Outils/linkedlist.h" />
		<Unit filename="Tests/linkedlist.c">
			<Option compilerVar="CC" />
		</Unit>
		<Unit filename="Tests/linkedlist.h" />
		<Unit filename="classe.c">
			<Option compilerVar="CC" />
		</Unit>
		<Unit filename="classe.h" />
		<Unit filename="constantes.h">
			<Option target="&lt;{~None~}&gt;" />
		</Unit>
		<Unit filename="cours.c">
			<Option compilerVar="CC" />
		</Unit>
		<Unit filename="cours.h" />
		<Unit filename="ecole.c">
			<Option compilerVar="CC" />
		</Unit>
		<Unit filename="ecole.h" />
		<Unit filename="etudiant.c">
			<Option compilerVar="CC" />
		</Unit>
		<Unit filename="etudiant.h" />
		<Unit filename="main.c">
			<Option compilerVar="CC" />
		</Unit>
		<Unit filename="note.h" />
		<Unit filename="professeur.c">
			<Option compilerVar="CC" />
		</Unit>
		<Unit filename="professeur.h" />
		<Unit filename="salle.c">
			<Option compilerVar="CC" />
		</Unit>
		<Unit filename="salle.h" />
		<Unit filename="seance.c">
			<Option compilerVar="CC" />
		</Unit>
		<Unit filename="seance.h" />
		<Extensions>
			<code_completion />
			<envvars />
			<debugger />
			<lib_finder disable_auto="1" />
		</Extensions>
	</Project>
</CodeBlocks_project_file>
